
Microsoft Visual Studio Solution File, Format Version 12.00
# Visual Studio Version 17
VisualStudioVersion = 17.14.36121.58 d17.14
MinimumVisualStudioVersion = 10.0.40219.1
Project("{FAE04EC0-301F-11D3-BF4B-00C04F79EFBC}") = "Presentation", "Presentation\Presentation.csproj", "{AB3D91B3-81D2-45CE-B730-705074B22F69}"
EndProject
Global
	GlobalSection(SolutionConfigurationPlatforms) = preSolution
		Debug|Any CPU = Debug|Any CPU
		Release|Any CPU = Release|Any CPU
	EndGlobalSection
	GlobalSection(ProjectConfigurationPlatforms) = postSolution
		{AB3D91B3-81D2-45CE-B730-705074B22F69}.Debug|Any CPU.ActiveCfg = Debug|Any CPU
		{AB3D91B3-81D2-45CE-B730-705074B22F69}.Debug|Any CPU.Build.0 = Debug|Any CPU
		{AB3D91B3-81D2-45CE-B730-705074B22F69}.Release|Any CPU.ActiveCfg = Release|Any CPU
		{AB3D91B3-81D2-45CE-B730-705074B22F69}.Release|Any CPU.Build.0 = Release|Any CPU
	EndGlobalSection
	GlobalSection(SolutionProperties) = preSolution
		HideSolutionNode = FALSE
	EndGlobalSection
	GlobalSection(ExtensibilityGlobals) = postSolution
		SolutionGuid = {A1BA11C7-ECA4-418C-B944-90A9D351203C}
	EndGlobalSection
EndGlobal
